
Microsoft Visual Studio Solution File, Format Version 12.00
# Visual Studio Version 17
VisualStudioVersion = 17.5.2.0
MinimumVisualStudioVersion = 10.0.40219.1
Project("{FAE04EC0-301F-11D3-BF4B-00C04F79EFBC}") = "Artifacts", "Artifact\Artifacts.csproj", "{E1EE497B-0640-4847-87A1-D2C427D26714}"
EndProject
Project("{FAE04EC0-301F-11D3-BF4B-00C04F79EFBC}") = "Equipments", "Equipments\Equipments.csproj", "{5CF62D2F-CB2B-2A77-B3D4-8F92A1A4566B}"
EndProject
Project("{FAE04EC0-301F-11D3-BF4B-00C04F79EFBC}") = "Localisations", "Localisations\Localisations.csproj", "{D4194D66-6A72-429B-B66A-2DA544716CDA}"
EndProject
Project("{FAE04EC0-301F-11D3-BF4B-00C04F79EFBC}") = "Randomizer", "Randomizer\Randomizer.csproj", "{8C9CD8A6-700A-4114-8296-F5C94CAC2F44}"
EndProject
Project("{FAE04EC0-301F-11D3-BF4B-00C04F79EFBC}") = "Monsters", "examples\Monsters\Monsters.csproj", "{413D10BD-2A2B-4CCA-9E43-0D07CB24A227}"
EndProject
Global
	GlobalSection(SolutionConfigurationPlatforms) = preSolution
		Debug|Any CPU = Debug|Any CPU
		Debug|x64 = Debug|x64
		Debug|x86 = Debug|x86
		Release|Any CPU = Release|Any CPU
		Release|x64 = Release|x64
		Release|x86 = Release|x86
	EndGlobalSection
	GlobalSection(ProjectConfigurationPlatforms) = postSolution
		{E1EE497B-0640-4847-87A1-D2C427D26714}.Debug|Any CPU.ActiveCfg = Debug|Any CPU
		{E1EE497B-0640-4847-87A1-D2C427D26714}.Debug|Any CPU.Build.0 = Debug|Any CPU
		{E1EE497B-0640-4847-87A1-D2C427D26714}.Debug|x64.ActiveCfg = Debug|Any CPU
		{E1EE497B-0640-4847-87A1-D2C427D26714}.Debug|x64.Build.0 = Debug|Any CPU
		{E1EE497B-0640-4847-87A1-D2C427D26714}.Debug|x86.ActiveCfg = Debug|Any CPU
		{E1EE497B-0640-4847-87A1-D2C427D26714}.Debug|x86.Build.0 = Debug|Any CPU
		{E1EE497B-0640-4847-87A1-D2C427D26714}.Release|Any CPU.ActiveCfg = Release|Any CPU
		{E1EE497B-0640-4847-87A1-D2C427D26714}.Release|Any CPU.Build.0 = Release|Any CPU
		{E1EE497B-0640-4847-87A1-D2C427D26714}.Release|x64.ActiveCfg = Release|Any CPU
		{E1EE497B-0640-4847-87A1-D2C427D26714}.Release|x64.Build.0 = Release|Any CPU
		{E1EE497B-0640-4847-87A1-D2C427D26714}.Release|x86.ActiveCfg = Release|Any CPU
		{E1EE497B-0640-4847-87A1-D2C427D26714}.Release|x86.Build.0 = Release|Any CPU

		{5CF62D2F-CB2B-2A77-B3D4-8F92A1A4566B}.Debug|Any CPU.ActiveCfg = Debug|Any CPU
		{5CF62D2F-CB2B-2A77-B3D4-8F92A1A4566B}.Debug|Any CPU.Build.0 = Debug|Any CPU
		{5CF62D2F-CB2B-2A77-B3D4-8F92A1A4566B}.Debug|x64.ActiveCfg = Debug|Any CPU
		{5CF62D2F-CB2B-2A77-B3D4-8F92A1A4566B}.Debug|x64.Build.0 = Debug|Any CPU
		{5CF62D2F-CB2B-2A77-B3D4-8F92A1A4566B}.Debug|x86.ActiveCfg = Debug|Any CPU
		{5CF62D2F-CB2B-2A77-B3D4-8F92A1A4566B}.Debug|x86.Build.0 = Debug|Any CPU
		{5CF62D2F-CB2B-2A77-B3D4-8F92A1A4566B}.Release|Any CPU.ActiveCfg = Release|Any CPU
		{5CF62D2F-CB2B-2A77-B3D4-8F92A1A4566B}.Release|Any CPU.Build.0 = Release|Any CPU
		{5CF62D2F-CB2B-2A77-B3D4-8F92A1A4566B}.Release|x64.ActiveCfg = Release|Any CPU
		{5CF62D2F-CB2B-2A77-B3D4-8F92A1A4566B}.Release|x64.Build.0 = Release|Any CPU
		{5CF62D2F-CB2B-2A77-B3D4-8F92A1A4566B}.Release|x86.ActiveCfg = Release|Any CPU
		{5CF62D2F-CB2B-2A77-B3D4-8F92A1A4566B}.Release|x86.Build.0 = Release|Any CPU
		
		{D4194D66-6A72-429B-B66A-2DA544716CDA}.Debug|Any CPU.ActiveCfg = Debug|Any CPU
		{D4194D66-6A72-429B-B66A-2DA544716CDA}.Debug|Any CPU.Build.0 = Debug|Any CPU
		{D4194D66-6A72-429B-B66A-2DA544716CDA}.Debug|x64.ActiveCfg = Debug|Any CPU
		{D4194D66-6A72-429B-B66A-2DA544716CDA}.Debug|x64.Build.0 = Debug|Any CPU
		{D4194D66-6A72-429B-B66A-2DA544716CDA}.Debug|x86.ActiveCfg = Debug|Any CPU
		{D4194D66-6A72-429B-B66A-2DA544716CDA}.Debug|x86.Build.0 = Debug|Any CPU
		{D4194D66-6A72-429B-B66A-2DA544716CDA}.Release|Any CPU.ActiveCfg = Release|Any CPU
		{D4194D66-6A72-429B-B66A-2DA544716CDA}.Release|Any CPU.Build.0 = Release|Any CPU
		{D4194D66-6A72-429B-B66A-2DA544716CDA}.Release|x64.ActiveCfg = Release|Any CPU
		{D4194D66-6A72-429B-B66A-2DA544716CDA}.Release|x64.Build.0 = Release|Any CPU
		{D4194D66-6A72-429B-B66A-2DA544716CDA}.Release|x86.ActiveCfg = Release|Any CPU
		{D4194D66-6A72-429B-B66A-2DA544716CDA}.Release|x86.Build.0 = Release|Any CPU

		{8C9CD8A6-700A-4114-8296-F5C94CAC2F44}.Debug|Any CPU.ActiveCfg = Debug|Any CPU
		{8C9CD8A6-700A-4114-8296-F5C94CAC2F44}.Debug|Any CPU.Build.0 = Debug|Any CPU
		{8C9CD8A6-700A-4114-8296-F5C94CAC2F44}.Debug|x64.ActiveCfg = Debug|Any CPU
		{8C9CD8A6-700A-4114-8296-F5C94CAC2F44}.Debug|x64.Build.0 = Debug|Any CPU
		{8C9CD8A6-700A-4114-8296-F5C94CAC2F44}.Debug|x86.ActiveCfg = Debug|Any CPU
		{8C9CD8A6-700A-4114-8296-F5C94CAC2F44}.Debug|x86.Build.0 = Debug|Any CPU
		{8C9CD8A6-700A-4114-8296-F5C94CAC2F44}.Release|Any CPU.ActiveCfg = Release|Any CPU
		{8C9CD8A6-700A-4114-8296-F5C94CAC2F44}.Release|Any CPU.Build.0 = Release|Any CPU
		{8C9CD8A6-700A-4114-8296-F5C94CAC2F44}.Release|x64.ActiveCfg = Release|Any CPU
		{8C9CD8A6-700A-4114-8296-F5C94CAC2F44}.Release|x64.Build.0 = Release|Any CPU
		{8C9CD8A6-700A-4114-8296-F5C94CAC2F44}.Release|x86.ActiveCfg = Release|Any CPU
		{8C9CD8A6-700A-4114-8296-F5C94CAC2F44}.Release|x86.Build.0 = Release|Any CPU

		{413D10BD-2A2B-4CCA-9E43-0D07CB24A227}.Debug|Any CPU.ActiveCfg = Debug|Any CPU
		{413D10BD-2A2B-4CCA-9E43-0D07CB24A227}.Debug|Any CPU.Build.0 = Debug|Any CPU
		{413D10BD-2A2B-4CCA-9E43-0D07CB24A227}.Debug|x64.ActiveCfg = Debug|Any CPU
		{413D10BD-2A2B-4CCA-9E43-0D07CB24A227}.Debug|x64.Build.0 = Debug|Any CPU
		{413D10BD-2A2B-4CCA-9E43-0D07CB24A227}.Debug|x86.ActiveCfg = Debug|Any CPU
		{413D10BD-2A2B-4CCA-9E43-0D07CB24A227}.Debug|x86.Build.0 = Debug|Any CPU
		{413D10BD-2A2B-4CCA-9E43-0D07CB24A227}.Release|Any CPU.ActiveCfg = Release|Any CPU
		{413D10BD-2A2B-4CCA-9E43-0D07CB24A227}.Release|Any CPU.Build.0 = Release|Any CPU
		{413D10BD-2A2B-4CCA-9E43-0D07CB24A227}.Release|x64.ActiveCfg = Release|Any CPU
		{413D10BD-2A2B-4CCA-9E43-0D07CB24A227}.Release|x64.Build.0 = Release|Any CPU
		{413D10BD-2A2B-4CCA-9E43-0D07CB24A227}.Release|x86.ActiveCfg = Release|Any CPU
		{413D10BD-2A2B-4CCA-9E43-0D07CB24A227}.Release|x86.Build.0 = Release|Any CPU
	EndGlobalSection
	GlobalSection(SolutionProperties) = preSolution
		HideSolutionNode = FALSE
	EndGlobalSection
	GlobalSection(ExtensibilityGlobals) = postSolution
		SolutionGuid = {A01591B4-8B7E-492D-92A9-E3B2DA1506F2}
	EndGlobalSection
EndGlobal
